// !$*UTF8*$!
{
	archiveVersion = 1;
	classes = {
	};
	objectVersion = 110;
	objects = {

/* Begin PBXBuildFile section */
		A81000000000000000000001 /* VimeSentencePiece in Frameworks */ = {isa = PBXBuildFile; productRef = A82000000000000000000001 /* VimeSentencePiece */; };
		A81000000000000000000002 /* VimeSentencePiece in Frameworks */ = {isa = PBXBuildFile; productRef = A82000000000000000000002 /* VimeSentencePiece */; };
		A81000000000000000000003 /* VimeSentencePiece in Frameworks */ = {isa = PBXBuildFile; productRef = A82000000000000000000003 /* VimeSentencePiece */; };
		C10000000000000000000001 /* VimeKeyboard.appex in Embed App Extensions */ = {isa = PBXBuildFile; fileRef = C10000000000000000000002 /* VimeKeyboard.appex */; settings = {ATTRIBUTES = (RemoveHeadersOnCopy, ); }; };
		E10000000000000000000001 /* KanaKanjiConverterModuleWithDefaultDictionary in Frameworks */ = {isa = PBXBuildFile; productRef = E20000000000000000000001 /* KanaKanjiConverterModuleWithDefaultDictionary */; };
		E10000000000000000000002 /* KanaKanjiConverterModuleWithDefaultDictionary in Frameworks */ = {isa = PBXBuildFile; productRef = E20000000000000000000002 /* KanaKanjiConverterModuleWithDefaultDictionary */; };
		E10000000000000000000003 /* KanaKanjiConverterModuleWithDefaultDictionary in Frameworks */ = {isa = PBXBuildFile; productRef = E20000000000000000000003 /* KanaKanjiConverterModuleWithDefaultDictionary */; };
/* End PBXBuildFile section */

/* Begin PBXContainerItemProxy section */
		C10000000000000000000003 /* PBXContainerItemProxy */ = {
			isa = PBXContainerItemProxy;
			containerPortal = B2ED4C003071EF7600C73DB0 /* Project object */;
			proxyType = 1;
			remoteGlobalIDString = C10000000000000000000004;
			remoteInfo = VimeKeyboard;
		};
		D1000000000000000000000A /* PBXContainerItemProxy */ = {
			isa = PBXContainerItemProxy;
			containerPortal = B2ED4C003071EF7600C73DB0 /* Project object */;
			proxyType = 1;
			remoteGlobalIDString = B2ED4C073071EF7600C73DB0;
			remoteInfo = Vime;
		};
/* End PBXContainerItemProxy section */

/* Begin PBXCopyFilesBuildPhase section */
		C10000000000000000000005 /* Embed App Extensions */ = {
			isa = PBXCopyFilesBuildPhase;
			dstPath = "";
			dstSubfolder = PlugIns;
			files = (
				C10000000000000000000001 /* VimeKeyboard.appex in Embed App Extensions */,
			);
			name = "Embed App Extensions";
		};
/* End PBXCopyFilesBuildPhase section */

/* Begin PBXFileReference section */
		B2ED4C083071EF7600C73DB0 /* Vime.app */ = {isa = PBXFileReference; explicitFileType = wrapper.application; includeInIndex = 0; path = Vime.app; sourceTree = BUILT_PRODUCTS_DIR; };
		C10000000000000000000002 /* VimeKeyboard.appex */ = {isa = PBXFileReference; explicitFileType = "wrapper.app-extension"; includeInIndex = 0; path = VimeKeyboard.appex; sourceTree = BUILT_PRODUCTS_DIR; };
		D10000000000000000000001 /* VimeKeyboardTests.xctest */ = {isa = PBXFileReference; explicitFileType = wrapper.cfbundle; path = VimeKeyboardTests.xctest; sourceTree = BUILT_PRODUCTS_DIR; };
/* End PBXFileReference section */

/* Begin PBXFileSystemSynchronizedBuildFileExceptionSet section */
		C10000000000000000000006 /* Exceptions for "Keyboard" folder in "VimeKeyboard" target */ = {
			isa = PBXFileSystemSynchronizedBuildFileExceptionSet;
			membershipExceptions = (
				Info.plist,
			);
			target = C10000000000000000000004 /* VimeKeyboard */;
		};
		D10000000000000000000002 /* Exceptions for "Keyboard" folder in "VimeKeyboardTests" target */ = {
			isa = PBXFileSystemSynchronizedBuildFileExceptionSet;
			membershipExceptions = (
				Info.plist,
			);
			target = D10000000000000000000004 /* VimeKeyboardTests */;
		};
		F10000000000000000000001 /* Exceptions for "Shared" folder in "Vime" target */ = {
			isa = PBXFileSystemSynchronizedBuildFileExceptionSet;
			membershipExceptions = (
				Resources/DictionarySource.json,
				Resources/JapaneseLexicon.tsv,
			);
			target = B2ED4C073071EF7600C73DB0 /* Vime */;
		};
		F10000000000000000000002 /* Exceptions for "Shared" folder in "VimeKeyboard" target */ = {
			isa = PBXFileSystemSynchronizedBuildFileExceptionSet;
			membershipExceptions = (
				Resources/DictionarySource.json,
				Resources/JapaneseLexicon.tsv,
			);
			target = C10000000000000000000004 /* VimeKeyboard */;
		};
		F10000000000000000000003 /* Exceptions for "Shared" folder in "VimeKeyboardTests" target */ = {
			isa = PBXFileSystemSynchronizedBuildFileExceptionSet;
			membershipExceptions = (
				Resources/DictionarySource.json,
				Resources/JapaneseLexicon.tsv,
			);
			target = D10000000000000000000004 /* VimeKeyboardTests */;
		};
/* End PBXFileSystemSynchronizedBuildFileExceptionSet section */

/* Begin PBXFileSystemSynchronizedRootGroup section */
		B2ED4C0A3071EF7600C73DB0 /* Vime */ = {
			isa = PBXFileSystemSynchronizedRootGroup;
			path = Vime;
			sourceTree = "<group>";
		};
		C10000000000000000000007 /* Keyboard */ = {
			isa = PBXFileSystemSynchronizedRootGroup;
			exceptions = (
				C10000000000000000000006 /* Exceptions for "Keyboard" folder in "VimeKeyboard" target */,
				D10000000000000000000002 /* Exceptions for "Keyboard" folder in "VimeKeyboardTests" target */,
			);
			path = Keyboard;
			sourceTree = "<group>";
		};
		C10000000000000000000008 /* Shared */ = {
			isa = PBXFileSystemSynchronizedRootGroup;
			exceptions = (
				F10000000000000000000001 /* Exceptions for "Shared" folder in "Vime" target */,
				F10000000000000000000002 /* Exceptions for "Shared" folder in "VimeKeyboard" target */,
				F10000000000000000000003 /* Exceptions for "Shared" folder in "VimeKeyboardTests" target */,
			);
			path = Shared;
			sourceTree = "<group>";
		};
		D10000000000000000000003 /* Tests/UIKit */ = {
			isa = PBXFileSystemSynchronizedRootGroup;
			path = Tests/UIKit;
			sourceTree = "<group>";
		};
/* End PBXFileSystemSynchronizedRootGroup section */

/* Begin PBXFrameworksBuildPhase section */
		B2ED4C053071EF7600C73DB0 /* Frameworks */ = {
			isa = PBXFrameworksBuildPhase;
			files = (
				E10000000000000000000001 /* KanaKanjiConverterModuleWithDefaultDictionary in Frameworks */,
				A81000000000000000000001 /* VimeSentencePiece in Frameworks */,
			);
		};
		C10000000000000000000009 /* Frameworks */ = {
			isa = PBXFrameworksBuildPhase;
			files = (
				E10000000000000000000002 /* KanaKanjiConverterModuleWithDefaultDictionary in Frameworks */,
				A81000000000000000000002 /* VimeSentencePiece in Frameworks */,
			);
		};
		D10000000000000000000007 /* Frameworks */ = {
			isa = PBXFrameworksBuildPhase;
			files = (
				E10000000000000000000003 /* KanaKanjiConverterModuleWithDefaultDictionary in Frameworks */,
				A81000000000000000000003 /* VimeSentencePiece in Frameworks */,
			);
		};
/* End PBXFrameworksBuildPhase section */

/* Begin PBXGroup section */
		B2ED4BFF3071EF7600C73DB0 = {
			isa = PBXGroup;
			children = (
				B2ED4C0A3071EF7600C73DB0 /* Vime */,
				C10000000000000000000007 /* Keyboard */,
				C10000000000000000000008 /* Shared */,
				D10000000000000000000003 /* Tests/UIKit */,
				B2ED4C093071EF7600C73DB0 /* Products */,
			);
			sourceTree = "<group>";
		};
		B2ED4C093071EF7600C73DB0 /* Products */ = {
			isa = PBXGroup;
			children = (
				B2ED4C083071EF7600C73DB0 /* Vime.app */,
				C10000000000000000000002 /* VimeKeyboard.appex */,
				D10000000000000000000001 /* VimeKeyboardTests.xctest */,
			);
			name = Products;
			sourceTree = "<group>";
		};
/* End PBXGroup section */

/* Begin PBXNativeTarget section */
		B2ED4C073071EF7600C73DB0 /* Vime */ = {
			isa = PBXNativeTarget;
			buildConfigurationList = B2ED4C133071EF7700C73DB0 /* Build configuration list for PBXNativeTarget "Vime" */;
			buildPhases = (
				F21000000000000000000001 /* Validate Release Model */,
				B2ED4C043071EF7600C73DB0 /* Sources */,
				B2ED4C053071EF7600C73DB0 /* Frameworks */,
				B2ED4C063071EF7600C73DB0 /* Resources */,
				C10000000000000000000005 /* Embed App Extensions */,
			);
			buildRules = (
			);
			dependencies = (
				C10000000000000000000013 /* PBXTargetDependency */,
			);
			fileSystemSynchronizedGroups = (
				B2ED4C0A3071EF7600C73DB0 /* Vime */,
				C10000000000000000000008 /* Shared */,
			);
			name = Vime;
			packageProductDependencies = (
				E20000000000000000000001 /* KanaKanjiConverterModuleWithDefaultDictionary */,
				A82000000000000000000001 /* VimeSentencePiece */,
			);
			productName = Vime;
			productReference = B2ED4C083071EF7600C73DB0 /* Vime.app */;
			productType = "com.apple.product-type.application";
		};
		C10000000000000000000004 /* VimeKeyboard */ = {
			isa = PBXNativeTarget;
			buildConfigurationList = C10000000000000000000010 /* Build configuration list for PBXNativeTarget "VimeKeyboard" */;
			buildPhases = (
				F21000000000000000000002 /* Validate Release Model */,
				C10000000000000000000011 /* Sources */,
				C10000000000000000000009 /* Frameworks */,
				C10000000000000000000012 /* Resources */,
			);
			buildRules = (
			);
			fileSystemSynchronizedGroups = (
				C10000000000000000000007 /* Keyboard */,
				C10000000000000000000008 /* Shared */,
			);
			name = VimeKeyboard;
			packageProductDependencies = (
				E20000000000000000000002 /* KanaKanjiConverterModuleWithDefaultDictionary */,
				A82000000000000000000002 /* VimeSentencePiece */,
			);
			productName = VimeKeyboard;
			productReference = C10000000000000000000002 /* VimeKeyboard.appex */;
			productType = "com.apple.product-type.app-extension";
		};
		D10000000000000000000004 /* VimeKeyboardTests */ = {
			isa = PBXNativeTarget;
			buildConfigurationList = D10000000000000000000005 /* Build configuration list for PBXNativeTarget "VimeKeyboardTests" */;
			buildPhases = (
				D10000000000000000000006 /* Sources */,
				D10000000000000000000007 /* Frameworks */,
				D10000000000000000000008 /* Resources */,
			);
			buildRules = (
			);
			dependencies = (
				D10000000000000000000009 /* PBXTargetDependency */,
			);
			fileSystemSynchronizedGroups = (
				C10000000000000000000007 /* Keyboard */,
				C10000000000000000000008 /* Shared */,
				D10000000000000000000003 /* Tests/UIKit */,
			);
			name = VimeKeyboardTests;
			packageProductDependencies = (
				E20000000000000000000003 /* KanaKanjiConverterModuleWithDefaultDictionary */,
				A82000000000000000000003 /* VimeSentencePiece */,
			);
			productName = VimeKeyboardTests;
			productReference = D10000000000000000000001 /* VimeKeyboardTests.xctest */;
			productType = "com.apple.product-type.bundle.unit-test";
		};
/* End PBXNativeTarget section */

/* Begin PBXProject section */
		B2ED4C003071EF7600C73DB0 /* Project object */ = {
			isa = PBXProject;
			attributes = {
				BuildIndependentTargetsInParallel = 1;
				LastSwiftUpdateCheck = 2710;
				LastUpgradeCheck = 2710;
				TargetAttributes = {
					B2ED4C073071EF7600C73DB0 = {
						CreatedOnToolsVersion = 27.1;
					};
				};
			};
			buildConfigurationList = B2ED4C033071EF7600C73DB0 /* Build configuration list for PBXProject "Vime" */;
			developmentRegion = "zh-Hans";
			hasScannedForEncodings = 0;
			knownRegions = (
				en,
				Base,
				"zh-Hans",
			);
			mainGroup = B2ED4BFF3071EF7600C73DB0;
			minimizedProjectReferenceProxies = 1;
			packageReferences = (
				E30000000000000000000001 /* XCRemoteSwiftPackageReference "AzooKeyKanaKanjiConverter" */,
				A83000000000000000000001 /* XCLocalSwiftPackageReference "Dependencies/VimeSentencePiece" */,
			);
			preferredProjectObjectVersion = 77;
			productRefGroup = B2ED4C093071EF7600C73DB0 /* Products */;
			projectDirPath = "";
			projectRoot = "";
			targets = (
				B2ED4C073071EF7600C73DB0 /* Vime */,
				C10000000000000000000004 /* VimeKeyboard */,
				D10000000000000000000004 /* VimeKeyboardTests */,
			);
		};
/* End PBXProject section */

/* Begin PBXResourcesBuildPhase section */
		B2ED4C063071EF7600C73DB0 /* Resources */ = {
			isa = PBXResourcesBuildPhase;
			files = (
			);
		};
		C10000000000000000000012 /* Resources */ = {
			isa = PBXResourcesBuildPhase;
			files = (
			);
		};
		D10000000000000000000008 /* Resources */ = {
			isa = PBXResourcesBuildPhase;
			files = (
			);
		};
/* End PBXResourcesBuildPhase section */

/* Begin PBXShellScriptBuildPhase section */
		F21000000000000000000001 /* Validate Release Model */ = {
			isa = PBXShellScriptBuildPhase;
			alwaysOutOfDate = 1;
			buildActionMask = 2147483647;
			files = ();
			inputPaths = ("$(SRCROOT)/Scripts/validate_model_resources.py");
			inputFileListPaths = ("$(SRCROOT)/Configuration/ModelResources.$(CONFIGURATION).xcfilelist");
			name = "Validate Release Model";
			outputPaths = ();
			runOnlyForDeploymentPostprocessing = 0;
			shellPath = /bin/sh;
			shellScript = "if [ \"$CONFIGURATION\" = Release ]; then\n    /usr/bin/python3 \"$SRCROOT/Scripts/validate_model_resources.py\" --resources \"$SRCROOT/Shared/Resources\"\nfi\n";
		};
		F21000000000000000000002 /* Validate Release Model */ = {
			isa = PBXShellScriptBuildPhase;
			alwaysOutOfDate = 1;
			buildActionMask = 2147483647;
			files = ();
			inputPaths = ("$(SRCROOT)/Scripts/validate_model_resources.py");
			inputFileListPaths = ("$(SRCROOT)/Configuration/ModelResources.$(CONFIGURATION).xcfilelist");
			name = "Validate Release Model";
			outputPaths = ();
			runOnlyForDeploymentPostprocessing = 0;
			shellPath = /bin/sh;
			shellScript = "if [ \"$CONFIGURATION\" = Release ]; then\n    /usr/bin/python3 \"$SRCROOT/Scripts/validate_model_resources.py\" --resources \"$SRCROOT/Shared/Resources\"\nfi\n";
		};
/* End PBXShellScriptBuildPhase section */

/* Begin PBXSourcesBuildPhase section */
		B2ED4C043071EF7600C73DB0 /* Sources */ = {
			isa = PBXSourcesBuildPhase;
			files = (
			);
		};
		C10000000000000000000011 /* Sources */ = {
			isa = PBXSourcesBuildPhase;
			files = (
			);
		};
		D10000000000000000000006 /* Sources */ = {
			isa = PBXSourcesBuildPhase;
			files = (
			);
		};
/* End PBXSourcesBuildPhase section */

/* Begin PBXTargetDependency section */
		C10000000000000000000013 /* PBXTargetDependency */ = {
			isa = PBXTargetDependency;
			target = C10000000000000000000004 /* VimeKeyboard */;
			targetProxy = C10000000000000000000003 /* PBXContainerItemProxy */;
		};
		D10000000000000000000009 /* PBXTargetDependency */ = {
			isa = PBXTargetDependency;
			target = B2ED4C073071EF7600C73DB0 /* Vime */;
			targetProxy = D1000000000000000000000A /* PBXContainerItemProxy */;
		};
/* End PBXTargetDependency section */

/* Begin XCBuildConfiguration section */
		B2ED4C113071EF7700C73DB0 /* Debug configuration for PBXProject "Vime" */ = {
			isa = XCBuildConfiguration;
			buildSettings = {
				ALWAYS_SEARCH_USER_PATHS = NO;
				ASSETCATALOG_COMPILER_GENERATE_SWIFT_ASSET_SYMBOL_EXTENSIONS = YES;
				CLANG_ANALYZER_NONNULL = YES;
				CLANG_ANALYZER_NUMBER_OBJECT_CONVERSION = YES_AGGRESSIVE;
				CLANG_CXX_LANGUAGE_STANDARD = "gnu++20";
				CLANG_ENABLE_MODULES = YES;
				CLANG_ENABLE_OBJC_ARC = YES;
				CLANG_ENABLE_OBJC_WEAK = YES;
				CLANG_WARN_BLOCK_CAPTURE_AUTORELEASING = YES;
				CLANG_WARN_BOOL_CONVERSION = YES;
				CLANG_WARN_COMMA = YES;
				CLANG_WARN_CONSTANT_CONVERSION = YES;
				CLANG_WARN_DEPRECATED_OBJC_IMPLEMENTATIONS = YES;
				CLANG_WARN_DIRECT_OBJC_ISA_USAGE = YES_ERROR;
				CLANG_WARN_DOCUMENTATION_COMMENTS = YES;
				CLANG_WARN_EMPTY_BODY = YES;
				CLANG_WARN_ENUM_CONVERSION = YES;
				CLANG_WARN_INFINITE_RECURSION = YES;
				CLANG_WARN_INT_CONVERSION = YES;
				CLANG_WARN_NON_LITERAL_NULL_CONVERSION = YES;
				CLANG_WARN_OBJC_IMPLICIT_RETAIN_SELF = YES;
				CLANG_WARN_OBJC_LITERAL_CONVERSION = YES;
				CLANG_WARN_OBJC_ROOT_CLASS = YES_ERROR;
				CLANG_WARN_QUOTED_INCLUDE_IN_FRAMEWORK_HEADER = YES;
				CLANG_WARN_RANGE_LOOP_ANALYSIS = YES;
				CLANG_WARN_STRICT_PROTOTYPES = YES;
				CLANG_WARN_SUSPICIOUS_MOVE = YES;
				CLANG_WARN_UNGUARDED_AVAILABILITY = YES_AGGRESSIVE;
				CLANG_WARN_UNREACHABLE_CODE = YES;
				CLANG_WARN__DUPLICATE_METHOD_MATCH = YES;
				COPY_PHASE_STRIP = NO;
				DEBUG_INFORMATION_FORMAT = dwarf;
				DEVELOPMENT_TEAM = 8R5Q4A3RC7;
				ENABLE_STRICT_OBJC_MSGSEND = YES;
				ENABLE_TESTABILITY = YES;
				ENABLE_USER_SCRIPT_SANDBOXING = YES;
				GCC_C_LANGUAGE_STANDARD = gnu17;
				GCC_DYNAMIC_NO_PIC = NO;
				GCC_NO_COMMON_BLOCKS = YES;
				GCC_OPTIMIZATION_LEVEL = 0;
				GCC_PREPROCESSOR_DEFINITIONS = (
					"DEBUG=1",
					"$(inherited)",
				);
				GCC_WARN_64_TO_32_BIT_CONVERSION = YES;
				GCC_WARN_ABOUT_RETURN_TYPE = YES_ERROR;
				GCC_WARN_UNDECLARED_SELECTOR = YES;
				GCC_WARN_UNINITIALIZED_AUTOS = YES_AGGRESSIVE;
				GCC_WARN_UNUSED_FUNCTION = YES;
				GCC_WARN_UNUSED_VARIABLE = YES;
				IPHONEOS_DEPLOYMENT_TARGET = 18.0;
				LOCALIZATION_PREFERS_STRING_CATALOGS = YES;
				MTL_ENABLE_DEBUG_INFO = INCLUDE_SOURCE;
				MTL_FAST_MATH = YES;
				ONLY_ACTIVE_ARCH = YES;
				SDKROOT = iphoneos;
				SWIFT_ACTIVE_COMPILATION_CONDITIONS = "DEBUG $(inherited)";
				SWIFT_OPTIMIZATION_LEVEL = "-Onone";
			};
			name = Debug;
		};
		B2ED4C123071EF7700C73DB0 /* Release configuration for PBXProject "Vime" */ = {
			isa = XCBuildConfiguration;
			buildSettings = {
				ALWAYS_SEARCH_USER_PATHS = NO;
				ASSETCATALOG_COMPILER_GENERATE_SWIFT_ASSET_SYMBOL_EXTENSIONS = YES;
				CLANG_ANALYZER_NONNULL = YES;
				CLANG_ANALYZER_NUMBER_OBJECT_CONVERSION = YES_AGGRESSIVE;
				CLANG_CXX_LANGUAGE_STANDARD = "gnu++20";
				CLANG_ENABLE_MODULES = YES;
				CLANG_ENABLE_OBJC_ARC = YES;
				CLANG_ENABLE_OBJC_WEAK = YES;
				CLANG_WARN_BLOCK_CAPTURE_AUTORELEASING = YES;
				CLANG_WARN_BOOL_CONVERSION = YES;
				CLANG_WARN_COMMA = YES;
				CLANG_WARN_CONSTANT_CONVERSION = YES;
				CLANG_WARN_DEPRECATED_OBJC_IMPLEMENTATIONS = YES;
				CLANG_WARN_DIRECT_OBJC_ISA_USAGE = YES_ERROR;
				CLANG_WARN_DOCUMENTATION_COMMENTS = YES;
				CLANG_WARN_EMPTY_BODY = YES;
				CLANG_WARN_ENUM_CONVERSION = YES;
				CLANG_WARN_INFINITE_RECURSION = YES;
				CLANG_WARN_INT_CONVERSION = YES;
				CLANG_WARN_NON_LITERAL_NULL_CONVERSION = YES;
				CLANG_WARN_OBJC_IMPLICIT_RETAIN_SELF = YES;
				CLANG_WARN_OBJC_LITERAL_CONVERSION = YES;
				CLANG_WARN_OBJC_ROOT_CLASS = YES_ERROR;
				CLANG_WARN_QUOTED_INCLUDE_IN_FRAMEWORK_HEADER = YES;
				CLANG_WARN_RANGE_LOOP_ANALYSIS = YES;
				CLANG_WARN_STRICT_PROTOTYPES = YES;
				CLANG_WARN_SUSPICIOUS_MOVE = YES;
				CLANG_WARN_UNGUARDED_AVAILABILITY = YES_AGGRESSIVE;
				CLANG_WARN_UNREACHABLE_CODE = YES;
				CLANG_WARN__DUPLICATE_METHOD_MATCH = YES;
				COPY_PHASE_STRIP = NO;
				DEBUG_INFORMATION_FORMAT = "dwarf-with-dsym";
				DEVELOPMENT_TEAM = 8R5Q4A3RC7;
				ENABLE_NS_ASSERTIONS = NO;
				ENABLE_STRICT_OBJC_MSGSEND = YES;
				ENABLE_USER_SCRIPT_SANDBOXING = YES;
				GCC_C_LANGUAGE_STANDARD = gnu17;
				GCC_NO_COMMON_BLOCKS = YES;
				GCC_WARN_64_TO_32_BIT_CONVERSION = YES;
				GCC_WARN_ABOUT_RETURN_TYPE = YES_ERROR;
				GCC_WARN_UNDECLARED_SELECTOR = YES;
				GCC_WARN_UNINITIALIZED_AUTOS = YES_AGGRESSIVE;
				GCC_WARN_UNUSED_FUNCTION = YES;
				GCC_WARN_UNUSED_VARIABLE = YES;
				IPHONEOS_DEPLOYMENT_TARGET = 18.0;
				LOCALIZATION_PREFERS_STRING_CATALOGS = YES;
				MTL_ENABLE_DEBUG_INFO = NO;
				MTL_FAST_MATH = YES;
				SDKROOT = iphoneos;
				SWIFT_COMPILATION_MODE = wholemodule;
				VALIDATE_PRODUCT = YES;
			};
			name = Release;
		};
		B2ED4C143071EF7700C73DB0 /* Debug configuration for PBXNativeTarget "Vime" */ = {
			isa = XCBuildConfiguration;
			buildSettings = {
				ASSETCATALOG_COMPILER_APPICON_NAME = AppIcon;
				ASSETCATALOG_COMPILER_GLOBAL_ACCENT_COLOR_NAME = AccentColor;
				CODE_SIGN_ENTITLEMENTS = Configuration/Vime.entitlements;
				CODE_SIGN_STYLE = Automatic;
				CURRENT_PROJECT_VERSION = 2;
				DEVELOPMENT_TEAM = 8R5Q4A3RC7;
				ENABLE_PREVIEWS = YES;
				GENERATE_INFOPLIST_FILE = YES;
				INFOPLIST_KEY_CFBundleDisplayName = Vime;
				INFOPLIST_KEY_LSApplicationCategoryType = "public.app-category.utilities";
				INFOPLIST_KEY_UIApplicationSceneManifest_Generation = YES;
				INFOPLIST_KEY_UIApplicationSupportsIndirectInputEvents = YES;
				INFOPLIST_KEY_UILaunchScreen_Generation = YES;
				INFOPLIST_KEY_UISupportedInterfaceOrientations_iPad = "UIInterfaceOrientationPortrait UIInterfaceOrientationPortraitUpsideDown UIInterfaceOrientationLandscapeLeft UIInterfaceOrientationLandscapeRight";
				INFOPLIST_KEY_UISupportedInterfaceOrientations_iPhone = "UIInterfaceOrientationPortrait UIInterfaceOrientationLandscapeLeft UIInterfaceOrientationLandscapeRight";
				IPHONEOS_DEPLOYMENT_TARGET = 18.0;
				LD_RUNPATH_SEARCH_PATHS = (
					"$(inherited)",
					"@executable_path/Frameworks",
				);
				MARKETING_VERSION = 1.0;
				PRODUCT_BUNDLE_IDENTIFIER = com.Voltline.Vime;
				PRODUCT_NAME = "$(TARGET_NAME)";
				STRING_CATALOG_GENERATE_SYMBOLS = YES;
				SWIFT_APPROACHABLE_CONCURRENCY = YES;
				SWIFT_DEFAULT_ACTOR_ISOLATION = MainActor;
				SWIFT_EMIT_LOC_STRINGS = YES;
				SWIFT_UPCOMING_FEATURE_MEMBER_IMPORT_VISIBILITY = YES;
				SWIFT_VERSION = 5.0;
				TARGETED_DEVICE_FAMILY = "1,2";
			};
			name = Debug;
		};
		B2ED4C153071EF7700C73DB0 /* Release configuration for PBXNativeTarget "Vime" */ = {
			isa = XCBuildConfiguration;
			buildSettings = {
				ASSETCATALOG_COMPILER_APPICON_NAME = AppIcon;
				ASSETCATALOG_COMPILER_GLOBAL_ACCENT_COLOR_NAME = AccentColor;
				CODE_SIGN_ENTITLEMENTS = Configuration/Vime.entitlements;
				CODE_SIGN_STYLE = Automatic;
				CURRENT_PROJECT_VERSION = 2;
				DEVELOPMENT_TEAM = 8R5Q4A3RC7;
				ENABLE_PREVIEWS = YES;
				GENERATE_INFOPLIST_FILE = YES;
				INFOPLIST_KEY_CFBundleDisplayName = Vime;
				INFOPLIST_KEY_LSApplicationCategoryType = "public.app-category.utilities";
				INFOPLIST_KEY_UIApplicationSceneManifest_Generation = YES;
				INFOPLIST_KEY_UIApplicationSupportsIndirectInputEvents = YES;
				INFOPLIST_KEY_UILaunchScreen_Generation = YES;
				INFOPLIST_KEY_UISupportedInterfaceOrientations_iPad = "UIInterfaceOrientationPortrait UIInterfaceOrientationPortraitUpsideDown UIInterfaceOrientationLandscapeLeft UIInterfaceOrientationLandscapeRight";
				INFOPLIST_KEY_UISupportedInterfaceOrientations_iPhone = "UIInterfaceOrientationPortrait UIInterfaceOrientationLandscapeLeft UIInterfaceOrientationLandscapeRight";
				IPHONEOS_DEPLOYMENT_TARGET = 18.0;
				LD_RUNPATH_SEARCH_PATHS = (
					"$(inherited)",
					"@executable_path/Frameworks",
				);
				MARKETING_VERSION = 1.0;
				PRODUCT_BUNDLE_IDENTIFIER = com.Voltline.Vime;
				PRODUCT_NAME = "$(TARGET_NAME)";
				STRING_CATALOG_GENERATE_SYMBOLS = YES;
				SWIFT_APPROACHABLE_CONCURRENCY = YES;
				SWIFT_DEFAULT_ACTOR_ISOLATION = MainActor;
				SWIFT_EMIT_LOC_STRINGS = YES;
				SWIFT_UPCOMING_FEATURE_MEMBER_IMPORT_VISIBILITY = YES;
				SWIFT_VERSION = 5.0;
				TARGETED_DEVICE_FAMILY = "1,2";
			};
			name = Release;
		};
		C10000000000000000000014 /* Debug configuration for PBXNativeTarget "VimeKeyboard" */ = {
			isa = XCBuildConfiguration;
			buildSettings = {
				APPLICATION_EXTENSION_API_ONLY = YES;
				CODE_SIGN_ENTITLEMENTS = Configuration/Vime.entitlements;
				CODE_SIGN_STYLE = Automatic;
				CURRENT_PROJECT_VERSION = 2;
				DEVELOPMENT_TEAM = 8R5Q4A3RC7;
				GENERATE_INFOPLIST_FILE = YES;
				INFOPLIST_FILE = Keyboard/Info.plist;
				IPHONEOS_DEPLOYMENT_TARGET = 18.0;
				LD_RUNPATH_SEARCH_PATHS = (
					"$(inherited)",
					"@executable_path/Frameworks",
					"@executable_path/../../Frameworks",
				);
				MARKETING_VERSION = 1.0;
				PRODUCT_BUNDLE_IDENTIFIER = com.Voltline.Vime.Keyboard;
				PRODUCT_NAME = "$(TARGET_NAME)";
				SKIP_INSTALL = YES;
				SWIFT_EMIT_LOC_STRINGS = YES;
				SWIFT_VERSION = 5.0;
				TARGETED_DEVICE_FAMILY = "1,2";
			};
			name = Debug;
		};
		C10000000000000000000015 /* Release configuration for PBXNativeTarget "VimeKeyboard" */ = {
			isa = XCBuildConfiguration;
			buildSettings = {
				APPLICATION_EXTENSION_API_ONLY = YES;
				CODE_SIGN_ENTITLEMENTS = Configuration/Vime.entitlements;
				CODE_SIGN_STYLE = Automatic;
				CURRENT_PROJECT_VERSION = 2;
				DEVELOPMENT_TEAM = 8R5Q4A3RC7;
				GENERATE_INFOPLIST_FILE = YES;
				INFOPLIST_FILE = Keyboard/Info.plist;
				IPHONEOS_DEPLOYMENT_TARGET = 18.0;
				LD_RUNPATH_SEARCH_PATHS = (
					"$(inherited)",
					"@executable_path/Frameworks",
					"@executable_path/../../Frameworks",
				);
				MARKETING_VERSION = 1.0;
				PRODUCT_BUNDLE_IDENTIFIER = com.Voltline.Vime.Keyboard;
				PRODUCT_NAME = "$(TARGET_NAME)";
				SKIP_INSTALL = YES;
				SWIFT_EMIT_LOC_STRINGS = YES;
				SWIFT_VERSION = 5.0;
				TARGETED_DEVICE_FAMILY = "1,2";
			};
			name = Release;
		};
		D1000000000000000000000B /* Debug configuration for PBXNativeTarget "VimeKeyboardTests" */ = {
			isa = XCBuildConfiguration;
			buildSettings = {
				BUNDLE_LOADER = "$(TEST_HOST)";
				CODE_SIGN_STYLE = Automatic;
				DEVELOPMENT_TEAM = 8R5Q4A3RC7;
				GENERATE_INFOPLIST_FILE = YES;
				IPHONEOS_DEPLOYMENT_TARGET = 18.0;
				LD_RUNPATH_SEARCH_PATHS = (
					"$(inherited)",
					"@executable_path/Frameworks",
					"@loader_path/Frameworks",
				);
				PRODUCT_BUNDLE_IDENTIFIER = com.Voltline.Vime.KeyboardTests;
				PRODUCT_NAME = "$(TARGET_NAME)";
				SWIFT_VERSION = 5.0;
				TARGETED_DEVICE_FAMILY = "1,2";
				TEST_HOST = "$(BUILT_PRODUCTS_DIR)/Vime.app/$(BUNDLE_EXECUTABLE_FOLDER_PATH)/Vime";
			};
			name = Debug;
		};
		D1000000000000000000000C /* Release configuration for PBXNativeTarget "VimeKeyboardTests" */ = {
			isa = XCBuildConfiguration;
			buildSettings = {
				BUNDLE_LOADER = "$(TEST_HOST)";
				CODE_SIGN_STYLE = Automatic;
				DEVELOPMENT_TEAM = 8R5Q4A3RC7;
				GENERATE_INFOPLIST_FILE = YES;
				IPHONEOS_DEPLOYMENT_TARGET = 18.0;
				LD_RUNPATH_SEARCH_PATHS = (
					"$(inherited)",
					"@executable_path/Frameworks",
					"@loader_path/Frameworks",
				);
				PRODUCT_BUNDLE_IDENTIFIER = com.Voltline.Vime.KeyboardTests;
				PRODUCT_NAME = "$(TARGET_NAME)";
				SWIFT_VERSION = 5.0;
				TARGETED_DEVICE_FAMILY = "1,2";
				TEST_HOST = "$(BUILT_PRODUCTS_DIR)/Vime.app/$(BUNDLE_EXECUTABLE_FOLDER_PATH)/Vime";
			};
			name = Release;
		};
/* End XCBuildConfiguration section */

/* Begin XCConfigurationList section */
		B2ED4C033071EF7600C73DB0 /* Build configuration list for PBXProject "Vime" */ = {
			isa = XCConfigurationList;
			buildConfigurations = (
				B2ED4C113071EF7700C73DB0 /* Debug configuration for PBXProject "Vime" */,
				B2ED4C123071EF7700C73DB0 /* Release configuration for PBXProject "Vime" */,
			);
			defaultConfigurationName = Release;
		};
		B2ED4C133071EF7700C73DB0 /* Build configuration list for PBXNativeTarget "Vime" */ = {
			isa = XCConfigurationList;
			buildConfigurations = (
				B2ED4C143071EF7700C73DB0 /* Debug configuration for PBXNativeTarget "Vime" */,
				B2ED4C153071EF7700C73DB0 /* Release configuration for PBXNativeTarget "Vime" */,
			);
			defaultConfigurationName = Release;
		};
		C10000000000000000000010 /* Build configuration list for PBXNativeTarget "VimeKeyboard" */ = {
			isa = XCConfigurationList;
			buildConfigurations = (
				C10000000000000000000014 /* Debug configuration for PBXNativeTarget "VimeKeyboard" */,
				C10000000000000000000015 /* Release configuration for PBXNativeTarget "VimeKeyboard" */,
			);
			defaultConfigurationName = Release;
		};
		D10000000000000000000005 /* Build configuration list for PBXNativeTarget "VimeKeyboardTests" */ = {
			isa = XCConfigurationList;
			buildConfigurations = (
				D1000000000000000000000B /* Debug configuration for PBXNativeTarget "VimeKeyboardTests" */,
				D1000000000000000000000C /* Release configuration for PBXNativeTarget "VimeKeyboardTests" */,
			);
			defaultConfigurationName = Release;
		};
/* End XCConfigurationList section */

/* Begin XCLocalSwiftPackageReference section */
		A83000000000000000000001 /* XCLocalSwiftPackageReference "Dependencies/VimeSentencePiece" */ = {
			isa = XCLocalSwiftPackageReference;
			relativePath = Dependencies/VimeSentencePiece;
		};
/* End XCLocalSwiftPackageReference section */

/* Begin XCRemoteSwiftPackageReference section */
		E30000000000000000000001 /* XCRemoteSwiftPackageReference "AzooKeyKanaKanjiConverter" */ = {
			isa = XCRemoteSwiftPackageReference;
			repositoryURL = "https://github.com/azooKey/AzooKeyKanaKanjiConverter";
			requirement = {
				kind = revision;
				revision = d59a28e4c7ca049aef04f29a91eae9677a7753f2;
			};
		};
/* End XCRemoteSwiftPackageReference section */

/* Begin XCSwiftPackageProductDependency section */
		A82000000000000000000001 /* VimeSentencePiece */ = {
			isa = XCSwiftPackageProductDependency;
			package = A83000000000000000000001 /* XCLocalSwiftPackageReference "Dependencies/VimeSentencePiece" */;
			productName = VimeSentencePiece;
		};
		A82000000000000000000002 /* VimeSentencePiece */ = {
			isa = XCSwiftPackageProductDependency;
			package = A83000000000000000000001 /* XCLocalSwiftPackageReference "Dependencies/VimeSentencePiece" */;
			productName = VimeSentencePiece;
		};
		A82000000000000000000003 /* VimeSentencePiece */ = {
			isa = XCSwiftPackageProductDependency;
			package = A83000000000000000000001 /* XCLocalSwiftPackageReference "Dependencies/VimeSentencePiece" */;
			productName = VimeSentencePiece;
		};
		E20000000000000000000001 /* KanaKanjiConverterModuleWithDefaultDictionary */ = {
			isa = XCSwiftPackageProductDependency;
			package = E30000000000000000000001 /* XCRemoteSwiftPackageReference "AzooKeyKanaKanjiConverter" */;
			productName = KanaKanjiConverterModuleWithDefaultDictionary;
		};
		E20000000000000000000002 /* KanaKanjiConverterModuleWithDefaultDictionary */ = {
			isa = XCSwiftPackageProductDependency;
			package = E30000000000000000000001 /* XCRemoteSwiftPackageReference "AzooKeyKanaKanjiConverter" */;
			productName = KanaKanjiConverterModuleWithDefaultDictionary;
		};
		E20000000000000000000003 /* KanaKanjiConverterModuleWithDefaultDictionary */ = {
			isa = XCSwiftPackageProductDependency;
			package = E30000000000000000000001 /* XCRemoteSwiftPackageReference "AzooKeyKanaKanjiConverter" */;
			productName = KanaKanjiConverterModuleWithDefaultDictionary;
		};
/* End XCSwiftPackageProductDependency section */
	};
	rootObject = B2ED4C003071EF7600C73DB0 /* Project object */;
	validationLevel = 1;
}
